
Microsoft Visual Studio Solution File, Format Version 12.00
# Visual Studio Version 16
VisualStudioVersion = 16.0.30804.86
MinimumVisualStudioVersion = 10.0.40219.1
Project("{FAE04EC0-301F-11D3-BF4B-00C04F79EFBC}") = "OOP3", "OOP3\OOP3.csproj", "{1012C8A5-0175-4517-ABBB-B039D8D095A4}"
EndProject
Project("{FAE04EC0-301F-11D3-BF4B-00C04F79EFBC}") = "OOP4", "OOP4\OOP4.csproj", "{DC4B0960-70F6-42EB-A68C-55A618F88FF7}"
EndProject
Global
	GlobalSection(SolutionConfigurationPlatforms) = preSolution
		Debug|Any CPU = Debug|Any CPU
		Release|Any CPU = Release|Any CPU
	EndGlobalSection
	GlobalSection(ProjectConfigurationPlatforms) = postSolution
		{1012C8A5-0175-4517-ABBB-B039D8D095A4}.Debug|Any CPU.ActiveCfg = Debug|Any CPU
		{1012C8A5-0175-4517-ABBB-B039D8D095A4}.Debug|Any CPU.Build.0 = Debug|Any CPU
		{1012C8A5-0175-4517-ABBB-B039D8D095A4}.Release|Any CPU.ActiveCfg = Release|Any CPU
		{1012C8A5-0175-4517-ABBB-B039D8D095A4}.Release|Any CPU.Build.0 = Release|Any CPU
		{DC4B0960-70F6-42EB-A68C-55A618F88FF7}.Debug|Any CPU.ActiveCfg = Debug|Any CPU
		{DC4B0960-70F6-42EB-A68C-55A618F88FF7}.Debug|Any CPU.Build.0 = Debug|Any CPU
		{DC4B0960-70F6-42EB-A68C-55A618F88FF7}.Release|Any CPU.ActiveCfg = Release|Any CPU
		{DC4B0960-70F6-42EB-A68C-55A618F88FF7}.Release|Any CPU.Build.0 = Release|Any CPU
	EndGlobalSection
	GlobalSection(SolutionProperties) = preSolution
		HideSolutionNode = FALSE
	EndGlobalSection
	GlobalSection(ExtensibilityGlobals) = postSolution
		SolutionGuid = {D970AEDE-8FD3-46E9-918C-1FAEF7C68450}
	EndGlobalSection
EndGlobal
